version = 1
revision = 2
requires-python = ">=3.13"

[[package]]
name = "python-json-logger"
version = "3.3.0"
source = { registry = "https://pypi.org/simple" }
sdist = { url = "https://files.pythonhosted.org/packages/9e/de/d3144a0bceede957f961e975f3752760fbe390d57fbe194baf709d8f1f7b/python_json_logger-3.3.0.tar.gz", hash = "sha256:12b7e74b17775e7d565129296105bbe3910842d9d0eb083fc83a6a617aa8df84", size = 16642, upload-time = "2025-03-07T07:08:27.301Z" }
wheels = [
    { url = "https://files.pythonhosted.org/packages/08/20/0f2523b9e50a8052bc6a8b732dfc8568abbdc42010aef03a2d750bdab3b2/python_json_logger-3.3.0-py3-none-any.whl", hash = "sha256:dd980fae8cffb24c13caf6e158d3d61c0d6d22342f932cb6e9deedab3d35eec7", size = 15163, upload-time = "2025-03-07T07:08:25.627Z" },
]

[[package]]
name = "python-scripts"
version = "0.1.0"
source = { virtual = "." }
dependencies = [
    { name = "python-json-logger" },
]

[package.metadata]
requires-dist = [{ name = "python-json-logger", specifier = ">=3.3.0" }]
